#MicroXplorer Configuration settings - do not modify
Mcu.Family=STM32F4
RCC.PLLSourceVirtual=RCC_PLLSOURCE_HSE
ProjectManager.MainLocation=Core/Src
ProjectManager.ProjectFileName=3_HAL_TIM_timer_nhap_nhay_LEDs.ioc
RCC.CortexFreq_Value=100000000
PD12.GPIO_Speed=GPIO_SPEED_FREQ_HIGH
ProjectManager.KeepUserCode=true
Mcu.UserName=STM32F411VETx
Mcu.PinsNb=10
ProjectManager.NoMain=false
PD15.GPIO_Speed=GPIO_SPEED_FREQ_HIGH
RCC.PLLCLKFreq_Value=100000000
RCC.PLLQCLKFreq_Value=50000000
ProjectManager.functionlistsort=1-MX_GPIO_Init-GPIO-false-HAL-true,2-SystemClock_Config-RCC-false-HAL-false,3-MX_TIM2_Init-TIM2-false-HAL-true
PH1\ -\ OSC_OUT.Mode=HSE-External-Oscillator
PD13.GPIOParameters=GPIO_Speed
RCC.RTCFreq_Value=32000
ProjectManager.DefaultFWLocation=true
ProjectManager.DeletePrevious=true
RCC.APB1CLKDivider=RCC_HCLK_DIV2
PinOutPanel.RotationAngle=0
RCC.FamilyName=M
RCC.SYSCLKSource=RCC_SYSCLKSOURCE_PLLCLK
ProjectManager.StackSize=0x400
PD12.Locked=true
PA13.Signal=SYS_JTMS-SWDIO
PD13.Signal=GPIO_Output
RCC.FCLKCortexFreq_Value=100000000
PD13.Locked=true
NVIC.SVCall_IRQn=true\:0\:0\:false\:false\:true\:false\:false
Mcu.IP2=SYS
Mcu.IP3=TIM2
PD14.GPIO_Speed=GPIO_SPEED_FREQ_HIGH
Mcu.IP0=NVIC
Mcu.IP1=RCC
PH0\ -\ OSC_IN.Mode=HSE-External-Oscillator
Mcu.UserConstants=
PD15.GPIOParameters=GPIO_Speed
PH0\ -\ OSC_IN.Signal=RCC_OSC_IN
PD12.GPIOParameters=GPIO_Speed
ProjectManager.TargetToolchain=STM32CubeIDE
Mcu.ThirdPartyNb=0
RCC.HCLKFreq_Value=100000000
Mcu.IPNb=4
RCC.I2SClocksFreq_Value=48000000
TIM2.IPParameters=Prescaler,Period,AutoReloadPreload
ProjectManager.PreviousToolchain=
RCC.APB2TimFreq_Value=100000000
RCC.VcooutputI2S=48000000
RCC.VCOInputMFreq_Value=500000
Mcu.Pin6=PA13
Mcu.Pin7=PA14
VP_TIM2_VS_ClockSourceINT.Signal=TIM2_VS_ClockSourceINT
ProjectManager.RegisterCallBack=
Mcu.Pin8=VP_SYS_VS_Systick
Mcu.Pin9=VP_TIM2_VS_ClockSourceINT
RCC.LSE_VALUE=32768
RCC.AHBFreq_Value=100000000
Mcu.Pin0=PH0 - OSC_IN
Mcu.Pin1=PH1 - OSC_OUT
GPIO.groupedBy=Group By Peripherals
Mcu.Pin2=PD12
Mcu.Pin3=PD13
Mcu.Pin4=PD14
RCC.VCOI2SOutputFreq_Value=96000000
Mcu.Pin5=PD15
ProjectManager.ProjectBuild=false
RCC.HSE_VALUE=8000000
NVIC.UsageFault_IRQn=true\:0\:0\:false\:false\:true\:false\:false
NVIC.DebugMonitor_IRQn=true\:0\:0\:false\:false\:true\:false\:false
PH1\ -\ OSC_OUT.Signal=RCC_OSC_OUT
board=custom
PD13.GPIO_Speed=GPIO_SPEED_FREQ_HIGH
RCC.VCOOutputFreq_Value=200000000
NVIC.SysTick_IRQn=true\:0\:0\:false\:false\:true\:false\:true
ProjectManager.LastFirmware=true
ProjectManager.FirmwarePackage=STM32Cube FW_F4 V1.26.2
MxDb.Version=DB.6.0.21
RCC.APB2Freq_Value=100000000
ProjectManager.BackupPrevious=false
MxCube.Version=6.2.1
RCC.VCOInputFreq_Value=2000000
VP_TIM2_VS_ClockSourceINT.Mode=Internal
PA14.Mode=Serial_Wire
NVIC.TIM2_IRQn=true\:0\:0\:false\:false\:true\:true\:true
File.Version=6
VP_SYS_VS_Systick.Mode=SysTick
RCC.EthernetFreq_Value=100000000
NVIC.NonMaskableInt_IRQn=true\:0\:0\:false\:false\:true\:false\:false
NVIC.PendSV_IRQn=true\:0\:0\:false\:false\:true\:false\:false
TIM2.Period=2000-1
PA13.Mode=Serial_Wire
ProjectManager.FreePins=false
RCC.IPParameters=48MHZClocksFreq_Value,AHBFreq_Value,APB1CLKDivider,APB1Freq_Value,APB1TimFreq_Value,APB2Freq_Value,APB2TimFreq_Value,CortexFreq_Value,EthernetFreq_Value,FCLKCortexFreq_Value,FamilyName,HCLKFreq_Value,HSE_VALUE,HSI_VALUE,I2SClocksFreq_Value,LSE_VALUE,LSI_VALUE,MCO2PinFreq_Value,PLLCLKFreq_Value,PLLM,PLLN,PLLQCLKFreq_Value,PLLSourceVirtual,RTCFreq_Value,RTCHSEDivFreq_Value,SYSCLKFreq_VALUE,SYSCLKSource,VCOI2SOutputFreq_Value,VCOInputFreq_Value,VCOInputMFreq_Value,VCOOutputFreq_Value,VcooutputI2S
ProjectManager.AskForMigrate=true
Mcu.Name=STM32F411V(C-E)Tx
ProjectManager.HalAssertFull=false
RCC.RTCHSEDivFreq_Value=4000000
ProjectManager.ProjectName=3_HAL_TIM_timer_nhap_nhay_LEDs
ProjectManager.UnderRoot=true
PD14.Signal=GPIO_Output
ProjectManager.CoupleFile=false
RCC.48MHZClocksFreq_Value=50000000
RCC.MCO2PinFreq_Value=100000000
PD14.GPIOParameters=GPIO_Speed
RCC.SYSCLKFreq_VALUE=100000000
Mcu.Package=LQFP100
TIM2.Prescaler=50000-1
NVIC.ForceEnableDMAVector=true
KeepUserPlacement=false
PD12.Signal=GPIO_Output
NVIC.MemoryManagement_IRQn=true\:0\:0\:false\:false\:true\:false\:false
ProjectManager.CompilerOptimize=6
ProjectManager.ToolChainLocation=
RCC.LSI_VALUE=32000
PD15.Locked=true
PD14.Locked=true
VP_SYS_VS_Systick.Signal=SYS_VS_Systick
PA14.Signal=SYS_JTCK-SWCLK
ProjectManager.HeapSize=0x200
NVIC.HardFault_IRQn=true\:0\:0\:false\:false\:true\:false\:false
ProjectManager.ComputerToolchain=false
RCC.HSI_VALUE=16000000
NVIC.PriorityGroup=NVIC_PRIORITYGROUP_4
RCC.PLLM=4
RCC.PLLN=100
RCC.APB1TimFreq_Value=100000000
TIM2.AutoReloadPreload=TIM_AUTORELOAD_PRELOAD_DISABLE
NVIC.BusFault_IRQn=true\:0\:0\:false\:false\:true\:false\:false
RCC.APB1Freq_Value=50000000
PD15.Signal=GPIO_Output
ProjectManager.CustomerFirmwarePackage=
ProjectManager.DeviceId=STM32F411VETx
ProjectManager.LibraryCopy=1
isbadioc=false
